
Microsoft Visual Studio Solution File, Format Version 12.00
# Visual Studio Version 17
VisualStudioVersion = 17.12.35527.113 d17.12
MinimumVisualStudioVersion = 10.0.40219.1
Project("{FAE04EC0-301F-11D3-BF4B-00C04F79EFBC}") = "AutoFlow.Api", "AutoFlow.Api\AutoFlow.Api.csproj", "{2D7046E4-FE21-4A79-89D4-973E1FA1F853}"
EndProject
Project("{FAE04EC0-301F-11D3-BF4B-00C04F79EFBC}") = "AutoFlow.Project.AppHost", "AutoFlow.Project.AppHost\AutoFlow.Project.AppHost.csproj", "{6582DF79-F078-4ED2-8842-56CCEAB6673E}"
EndProject
Project("{FAE04EC0-301F-11D3-BF4B-00C04F79EFBC}") = "AutoFlow.Project.ServiceDefaults", "AutoFlow.Project.ServiceDefaults\AutoFlow.Project.ServiceDefaults.csproj", "{17098F8E-4778-4078-B7EA-B58FF3BE4C59}"
EndProject
Global
	GlobalSection(SolutionConfigurationPlatforms) = preSolution
		Debug|Any CPU = Debug|Any CPU
		Release|Any CPU = Release|Any CPU
	EndGlobalSection
	GlobalSection(ProjectConfigurationPlatforms) = postSolution
		{2D7046E4-FE21-4A79-89D4-973E1FA1F853}.Debug|Any CPU.ActiveCfg = Debug|Any CPU
		{2D7046E4-FE21-4A79-89D4-973E1FA1F853}.Debug|Any CPU.Build.0 = Debug|Any CPU
		{2D7046E4-FE21-4A79-89D4-973E1FA1F853}.Release|Any CPU.ActiveCfg = Release|Any CPU
		{2D7046E4-FE21-4A79-89D4-973E1FA1F853}.Release|Any CPU.Build.0 = Release|Any CPU
		{6582DF79-F078-4ED2-8842-56CCEAB6673E}.Debug|Any CPU.ActiveCfg = Debug|Any CPU
		{6582DF79-F078-4ED2-8842-56CCEAB6673E}.Debug|Any CPU.Build.0 = Debug|Any CPU
		{6582DF79-F078-4ED2-8842-56CCEAB6673E}.Release|Any CPU.ActiveCfg = Release|Any CPU
		{6582DF79-F078-4ED2-8842-56CCEAB6673E}.Release|Any CPU.Build.0 = Release|Any CPU
		{17098F8E-4778-4078-B7EA-B58FF3BE4C59}.Debug|Any CPU.ActiveCfg = Debug|Any CPU
		{17098F8E-4778-4078-B7EA-B58FF3BE4C59}.Debug|Any CPU.Build.0 = Debug|Any CPU
		{17098F8E-4778-4078-B7EA-B58FF3BE4C59}.Release|Any CPU.ActiveCfg = Release|Any CPU
		{17098F8E-4778-4078-B7EA-B58FF3BE4C59}.Release|Any CPU.Build.0 = Release|Any CPU
	EndGlobalSection
	GlobalSection(SolutionProperties) = preSolution
		HideSolutionNode = FALSE
	EndGlobalSection
EndGlobal
